{
  "version": 1,
  "dependencies": {
    "net8.0": {
      "Microsoft.NET.ILLink.Tasks": {
        "type": "Direct",
        "requested": "[8.0.29, )",
        "resolved": "8.0.29",
        "contentHash": "HSBTfrkIZijz8z3ybLRKB7E8rHk4QQufFwpHa9fc5CMIgRhRzdn4mBGmlyXZqaueiMPtuJcnjresGvSTfaW8Mg=="
      },
      "claudecounter.core": {
        "type": "Project"
      },
      "claudecounter.shared": {
        "type": "Project",
        "dependencies": {
          "ClaudeCounter.Core": "[0.0.0-dev, )"
        }
      }
    },
    "net8.0/win-arm64": {},
    "net8.0/win-x64": {}
  }
}